
Microsoft Visual Studio Solution File, Format Version 12.00
# Visual Studio Version 16
VisualStudioVersion = 16.0.31829.152
MinimumVisualStudioVersion = 10.0.40219.1
Project("{FAE04EC0-301F-11D3-BF4B-00C04F79EFBC}") = "IGESOP_1", "IGESOP_1\IGESOP_1.csproj", "{C7C9DFC0-012C-42C6-9D57-7EEDE97B4178}"
EndProject
Global
	GlobalSection(SolutionConfigurationPlatforms) = preSolution
		Debug|Any CPU = Debug|Any CPU
		Release|Any CPU = Release|Any CPU
	EndGlobalSection
	GlobalSection(ProjectConfigurationPlatforms) = postSolution
		{C7C9DFC0-012C-42C6-9D57-7EEDE97B4178}.Debug|Any CPU.ActiveCfg = Debug|Any CPU
		{C7C9DFC0-012C-42C6-9D57-7EEDE97B4178}.Debug|Any CPU.Build.0 = Debug|Any CPU
		{C7C9DFC0-012C-42C6-9D57-7EEDE97B4178}.Release|Any CPU.ActiveCfg = Release|Any CPU
		{C7C9DFC0-012C-42C6-9D57-7EEDE97B4178}.Release|Any CPU.Build.0 = Release|Any CPU
	EndGlobalSection
	GlobalSection(SolutionProperties) = preSolution
		HideSolutionNode = FALSE
	EndGlobalSection
	GlobalSection(ExtensibilityGlobals) = postSolution
		SolutionGuid = {E970E16B-CEE9-44F3-8284-64FC8D733B83}
	EndGlobalSection
EndGlobal
