
Microsoft Visual Studio Solution File, Format Version 12.00
# Visual Studio Version 16
VisualStudioVersion = 16.0.30406.217
MinimumVisualStudioVersion = 10.0.40219.1
Project("{FAE04EC0-301F-11D3-BF4B-00C04F79EFBC}") = "General.Librerias.AccesoDatos", "General.Librerias.AccesoDatos.csproj", "{A0063D0A-DE05-441C-96E0-70F40E9FC9F3}"
EndProject
Global
	GlobalSection(SolutionConfigurationPlatforms) = preSolution
		Debug|Any CPU = Debug|Any CPU
		Release|Any CPU = Release|Any CPU
	EndGlobalSection
	GlobalSection(ProjectConfigurationPlatforms) = postSolution
		{A0063D0A-DE05-441C-96E0-70F40E9FC9F3}.Debug|Any CPU.ActiveCfg = Debug|Any CPU
		{A0063D0A-DE05-441C-96E0-70F40E9FC9F3}.Debug|Any CPU.Build.0 = Debug|Any CPU
		{A0063D0A-DE05-441C-96E0-70F40E9FC9F3}.Release|Any CPU.ActiveCfg = Release|Any CPU
		{A0063D0A-DE05-441C-96E0-70F40E9FC9F3}.Release|Any CPU.Build.0 = Release|Any CPU
	EndGlobalSection
	GlobalSection(SolutionProperties) = preSolution
		HideSolutionNode = FALSE
	EndGlobalSection
	GlobalSection(ExtensibilityGlobals) = postSolution
		SolutionGuid = {D556168E-CBBD-4586-9779-23EECF2C811E}
	EndGlobalSection
EndGlobal
